// !$*UTF8*$!
{
	archiveVersion = 1;
	classes = {
	};
	objectVersion = 77;
	objects = {

/* Begin PBXContainerItemProxy section */
		3A8E35602CCF9AC500FE7260 /* PBXContainerItemProxy */ = {
			isa = PBXContainerItemProxy;
			containerPortal = 3A8E35412CCF9AC300FE7260 /* Project object */;
			proxyType = 1;
			remoteGlobalIDString = 3A8E35482CCF9AC300FE7260;
			remoteInfo = "Patronum - CVS";
		};
		3A8E356A2CCF9AC500FE7260 /* PBXContainerItemProxy */ = {
			isa = PBXContainerItemProxy;
			containerPortal = 3A8E35412CCF9AC300FE7260 /* Project object */;
			proxyType = 1;
			remoteGlobalIDString = 3A8E35482CCF9AC300FE7260;
			remoteInfo = "Patronum - CVS";
		};
/* End PBXContainerItemProxy section */

/* Begin PBXFileReference section */
		3A8E35492CCF9AC300FE7260 /* Patronum - CVS.app */ = {isa = PBXFileReference; explicitFileType = wrapper.application; includeInIndex = 0; path = "Patronum - CVS.app"; sourceTree = BUILT_PRODUCTS_DIR; };
		3A8E355F2CCF9AC500FE7260 /* Patronum - CVSTests.xctest */ = {isa = PBXFileReference; explicitFileType = wrapper.cfbundle; includeInIndex = 0; path = "Patronum - CVSTests.xctest"; sourceTree = BUILT_PRODUCTS_DIR; };
		3A8E35692CCF9AC500FE7260 /* Patronum - CVSUITests.xctest */ = {isa = PBXFileReference; explicitFileType = wrapper.cfbundle; includeInIndex = 0; path = "Patronum - CVSUITests.xctest"; sourceTree = BUILT_PRODUCTS_DIR; };
/* End PBXFileReference section */

/* Begin PBXFileSystemSynchronizedBuildFileExceptionSet section */
		3A8E35712CCF9AC500FE7260 /* Exceptions for "Patronum - CVS" folder in "Patronum - CVS" target */ = {
			isa = PBXFileSystemSynchronizedBuildFileExceptionSet;
			membershipExceptions = (
				Info.plist,
			);
			target = 3A8E35482CCF9AC300FE7260 /* Patronum - CVS */;
		};
/* End PBXFileSystemSynchronizedBuildFileExceptionSet section */

/* Begin PBXFileSystemSynchronizedRootGroup section */
		3A8E354B2CCF9AC300FE7260 /* Patronum - CVS */ = {
			isa = PBXFileSystemSynchronizedRootGroup;
			exceptions = (
				3A8E35712CCF9AC500FE7260 /* Exceptions for "Patronum - CVS" folder in "Patronum - CVS" target */,
			);
			path = "Patronum - CVS";
			sourceTree = "<group>";
		};
		3A8E35622CCF9AC500FE7260 /* Patronum - CVSTests */ = {
			isa = PBXFileSystemSynchronizedRootGroup;
			path = "Patronum - CVSTests";
			sourceTree = "<group>";
		};
		3A8E356C2CCF9AC500FE7260 /* Patronum - CVSUITests */ = {
			isa = PBXFileSystemSynchronizedRootGroup;
			path = "Patronum - CVSUITests";
			sourceTree = "<group>";
		};
/* End PBXFileSystemSynchronizedRootGroup section */

/* Begin PBXFrameworksBuildPhase section */
		3A8E35462CCF9AC300FE7260 /* Frameworks */ = {
			isa = PBXFrameworksBuildPhase;
			buildActionMask = 2147483647;
			files = (
			);
			runOnlyForDeploymentPostprocessing = 0;
		};
		3A8E355C2CCF9AC500FE7260 /* Frameworks */ = {
			isa = PBXFrameworksBuildPhase;
			buildActionMask = 2147483647;
			files = (
			);
			runOnlyForDeploymentPostprocessing = 0;
		};
		3A8E35662CCF9AC500FE7260 /* Frameworks */ = {
			isa = PBXFrameworksBuildPhase;
			buildActionMask = 2147483647;
			files = (
			);
			runOnlyForDeploymentPostprocessing = 0;
		};
/* End PBXFrameworksBuildPhase section */

/* Begin PBXGroup section */
		3A8E35402CCF9AC300FE7260 = {
			isa = PBXGroup;
			children = (
				3A8E354B2CCF9AC300FE7260 /* Patronum - CVS */,
				3A8E35622CCF9AC500FE7260 /* Patronum - CVSTests */,
				3A8E356C2CCF9AC500FE7260 /* Patronum - CVSUITests */,
				3A8E354A2CCF9AC300FE7260 /* Products */,
			);
			sourceTree = "<group>";
		};
		3A8E354A2CCF9AC300FE7260 /* Products */ = {
			isa = PBXGroup;
			children = (
				3A8E35492CCF9AC300FE7260 /* Patronum - CVS.app */,
				3A8E355F2CCF9AC500FE7260 /* Patronum - CVSTests.xctest */,
				3A8E35692CCF9AC500FE7260 /* Patronum - CVSUITests.xctest */,
			);
			name = Products;
			sourceTree = "<group>";
		};
/* End PBXGroup section */

/* Begin PBXNativeTarget section */
		3A8E35482CCF9AC300FE7260 /* Patronum - CVS */ = {
			isa = PBXNativeTarget;
			buildConfigurationList = 3A8E35722CCF9AC500FE7260 /* Build configuration list for PBXNativeTarget "Patronum - CVS" */;
			buildPhases = (
				3A8E35452CCF9AC300FE7260 /* Sources */,
				3A8E35462CCF9AC300FE7260 /* Frameworks */,
				3A8E35472CCF9AC300FE7260 /* Resources */,
			);
			buildRules = (
			);
			dependencies = (
			);
			fileSystemSynchronizedGroups = (
				3A8E354B2CCF9AC300FE7260 /* Patronum - CVS */,
			);
			name = "Patronum - CVS";
			packageProductDependencies = (
			);
			productName = "Patronum - CVS";
			productReference = 3A8E35492CCF9AC300FE7260 /* Patronum - CVS.app */;
			productType = "com.apple.product-type.application";
		};
		3A8E355E2CCF9AC500FE7260 /* Patronum - CVSTests */ = {
			isa = PBXNativeTarget;
			buildConfigurationList = 3A8E35772CCF9AC500FE7260 /* Build configuration list for PBXNativeTarget "Patronum - CVSTests" */;
			buildPhases = (
				3A8E355B2CCF9AC500FE7260 /* Sources */,
				3A8E355C2CCF9AC500FE7260 /* Frameworks */,
				3A8E355D2CCF9AC500FE7260 /* Resources */,
			);
			buildRules = (
			);
			dependencies = (
				3A8E35612CCF9AC500FE7260 /* PBXTargetDependency */,
			);
			fileSystemSynchronizedGroups = (
				3A8E35622CCF9AC500FE7260 /* Patronum - CVSTests */,
			);
			name = "Patronum - CVSTests";
			packageProductDependencies = (
			);
			productName = "Patronum - CVSTests";
			productReference = 3A8E355F2CCF9AC500FE7260 /* Patronum - CVSTests.xctest */;
			productType = "com.apple.product-type.bundle.unit-test";
		};
		3A8E35682CCF9AC500FE7260 /* Patronum - CVSUITests */ = {
			isa = PBXNativeTarget;
			buildConfigurationList = 3A8E357A2CCF9AC500FE7260 /* Build configuration list for PBXNativeTarget "Patronum - CVSUITests" */;
			buildPhases = (
				3A8E35652CCF9AC500FE7260 /* Sources */,
				3A8E35662CCF9AC500FE7260 /* Frameworks */,
				3A8E35672CCF9AC500FE7260 /* Resources */,
			);
			buildRules = (
			);
			dependencies = (
				3A8E356B2CCF9AC500FE7260 /* PBXTargetDependency */,
			);
			fileSystemSynchronizedGroups = (
				3A8E356C2CCF9AC500FE7260 /* Patronum - CVSUITests */,
			);
			name = "Patronum - CVSUITests";
			packageProductDependencies = (
			);
			productName = "Patronum - CVSUITests";
			productReference = 3A8E35692CCF9AC500FE7260 /* Patronum - CVSUITests.xctest */;
			productType = "com.apple.product-type.bundle.ui-testing";
		};
/* End PBXNativeTarget section */

/* Begin PBXProject section */
		3A8E35412CCF9AC300FE7260 /* Project object */ = {
			isa = PBXProject;
			attributes = {
				BuildIndependentTargetsInParallel = 1;
				LastSwiftUpdateCheck = 1600;
				LastUpgradeCheck = 1600;
				TargetAttributes = {
					3A8E35482CCF9AC300FE7260 = {
						CreatedOnToolsVersion = 16.0;
					};
					3A8E355E2CCF9AC500FE7260 = {
						CreatedOnToolsVersion = 16.0;
						TestTargetID = 3A8E35482CCF9AC300FE7260;
					};
					3A8E35682CCF9AC500FE7260 = {
						CreatedOnToolsVersion = 16.0;
						TestTargetID = 3A8E35482CCF9AC300FE7260;
					};
				};
			};
			buildConfigurationList = 3A8E35442CCF9AC300FE7260 /* Build configuration list for PBXProject "Patronum - CVS" */;
			developmentRegion = en;
			hasScannedForEncodings = 0;
			knownRegions = (
				en,
				Base,
			);
			mainGroup = 3A8E35402CCF9AC300FE7260;
			minimizedProjectReferenceProxies = 1;
			preferredProjectObjectVersion = 77;
			productRefGroup = 3A8E354A2CCF9AC300FE7260 /* Products */;
			projectDirPath = "";
			projectRoot = "";
			targets = (
				3A8E35482CCF9AC300FE7260 /* Patronum - CVS */,
				3A8E355E2CCF9AC500FE7260 /* Patronum - CVSTests */,
				3A8E35682CCF9AC500FE7260 /* Patronum - CVSUITests */,
			);
		};
/* End PBXProject section */

/* Begin PBXResourcesBuildPhase section */
		3A8E35472CCF9AC300FE7260 /* Resources */ = {
			isa = PBXResourcesBuildPhase;
			buildActionMask = 2147483647;
			files = (
			);
			runOnlyForDeploymentPostprocessing = 0;
		};
		3A8E355D2CCF9AC500FE7260 /* Resources */ = {
			isa = PBXResourcesBuildPhase;
			buildActionMask = 2147483647;
			files = (
			);
			runOnlyForDeploymentPostprocessing = 0;
		};
		3A8E35672CCF9AC500FE7260 /* Resources */ = {
			isa = PBXResourcesBuildPhase;
			buildActionMask = 2147483647;
			files = (
			);
			runOnlyForDeploymentPostprocessing = 0;
		};
/* End PBXResourcesBuildPhase section */

/* Begin PBXSourcesBuildPhase section */
		3A8E35452CCF9AC300FE7260 /* Sources */ = {
			isa = PBXSourcesBuildPhase;
			buildActionMask = 2147483647;
			files = (
			);
			runOnlyForDeploymentPostprocessing = 0;
		};
		3A8E355B2CCF9AC500FE7260 /* Sources */ = {
			isa = PBXSourcesBuildPhase;
			buildActionMask = 2147483647;
			files = (
			);
			runOnlyForDeploymentPostprocessing = 0;
		};
		3A8E35652CCF9AC500FE7260 /* Sources */ = {
			isa = PBXSourcesBuildPhase;
			buildActionMask = 2147483647;
			files = (
			);
			runOnlyForDeploymentPostprocessing = 0;
		};
/* End PBXSourcesBuildPhase section */

/* Begin PBXTargetDependency section */
		3A8E35612CCF9AC500FE7260 /* PBXTargetDependency */ = {
			isa = PBXTargetDependency;
			target = 3A8E35482CCF9AC300FE7260 /* Patronum - CVS */;
			targetProxy = 3A8E35602CCF9AC500FE7260 /* PBXContainerItemProxy */;
		};
		3A8E356B2CCF9AC500FE7260 /* PBXTargetDependency */ = {
			isa = PBXTargetDependency;
			target = 3A8E35482CCF9AC300FE7260 /* Patronum - CVS */;
			targetProxy = 3A8E356A2CCF9AC500FE7260 /* PBXContainerItemProxy */;
		};
/* End PBXTargetDependency section */

/* Begin XCBuildConfiguration section */
		3A8E35732CCF9AC500FE7260 /* Debug */ = {
			isa = XCBuildConfiguration;
			buildSettings = {
				ASSETCATALOG_COMPILER_APPICON_NAME = AppIcon;
				ASSETCATALOG_COMPILER_GLOBAL_ACCENT_COLOR_NAME = AccentColor;
				CODE_SIGN_STYLE = Automatic;
				CURRENT_PROJECT_VERSION = 1;
				GENERATE_INFOPLIST_FILE = YES;
				INFOPLIST_FILE = "Patronum - CVS/Info.plist";
				INFOPLIST_KEY_UIApplicationSupportsIndirectInputEvents = YES;
				INFOPLIST_KEY_UILaunchStoryboardName = LaunchScreen;
				INFOPLIST_KEY_UIMainStoryboardFile = Main;
				INFOPLIST_KEY_UISupportedInterfaceOrientations_iPad = "UIInterfaceOrientationPortrait UIInterfaceOrientationPortraitUpsideDown UIInterfaceOrientationLandscapeLeft UIInterfaceOrientationLandscapeRight";
				INFOPLIST_KEY_UISupportedInterfaceOrientations_iPhone = "UIInterfaceOrientationPortrait UIInterfaceOrientationLandscapeLeft UIInterfaceOrientationLandscapeRight";
				LD_RUNPATH_SEARCH_PATHS = (
					"$(inherited)",
					"@executable_path/Frameworks",
				);
				MARKETING_VERSION = 1.0;
				PRODUCT_BUNDLE_IDENTIFIER = "cvs.Patronum---CVS";
				PRODUCT_NAME = "$(TARGET_NAME)";
				SWIFT_EMIT_LOC_STRINGS = YES;
				SWIFT_VERSION = 5.0;
				TARGETED_DEVICE_FAMILY = "1,2";
			};
			name = Debug;
		};
		3A8E35742CCF9AC500FE7260 /* Release */ = {
			isa = XCBuildConfiguration;
			buildSettings = {
				ASSETCATALOG_COMPILER_APPICON_NAME = AppIcon;
				ASSETCATALOG_COMPILER_GLOBAL_ACCENT_COLOR_NAME = AccentColor;
				CODE_SIGN_STYLE = Automatic;
				CURRENT_PROJECT_VERSION = 1;
				GENERATE_INFOPLIST_FILE = YES;
				INFOPLIST_FILE = "Patronum - CVS/Info.plist";
				INFOPLIST_KEY_UIApplicationSupportsIndirectInputEvents = YES;
				INFOPLIST_KEY_UILaunchStoryboardName = LaunchScreen;
				INFOPLIST_KEY_UIMainStoryboardFile = Main;
				INFOPLIST_KEY_UISupportedInterfaceOrientations_iPad = "UIInterfaceOrientationPortrait UIInterfaceOrientationPortraitUpsideDown UIInterfaceOrientationLandscapeLeft UIInterfaceOrientationLandscapeRight";
				INFOPLIST_KEY_UISupportedInterfaceOrientations_iPhone = "UIInterfaceOrientationPortrait UIInterfaceOrientationLandscapeLeft UIInterfaceOrientationLandscapeRight";
				LD_RUNPATH_SEARCH_PATHS = (
					"$(inherited)",
					"@executable_path/Frameworks",
				);
				MARKETING_VERSION = 1.0;
				PRODUCT_BUNDLE_IDENTIFIER = "cvs.Patronum---CVS";
				PRODUCT_NAME = "$(TARGET_NAME)";
				SWIFT_EMIT_LOC_STRINGS = YES;
				SWIFT_VERSION = 5.0;
				TARGETED_DEVICE_FAMILY = "1,2";
			};
			name = Release;
		};
		3A8E35752CCF9AC500FE7260 /* Debug */ = {
			isa = XCBuildConfiguration;
			buildSettings = {
				ALWAYS_SEARCH_USER_PATHS = NO;
				ASSETCATALOG_COMPILER_GENERATE_SWIFT_ASSET_SYMBOL_EXTENSIONS = YES;
				CLANG_ANALYZER_NONNULL = YES;
				CLANG_ANALYZER_NUMBER_OBJECT_CONVERSION = YES_AGGRESSIVE;
				CLANG_CXX_LANGUAGE_STANDARD = "gnu++20";
				CLANG_ENABLE_MODULES = YES;
				CLANG_ENABLE_OBJC_ARC = YES;
				CLANG_ENABLE_OBJC_WEAK = YES;
				CLANG_WARN_BLOCK_CAPTURE_AUTORELEASING = YES;
				CLANG_WARN_BOOL_CONVERSION = YES;
				CLANG_WARN_COMMA = YES;
				CLANG_WARN_CONSTANT_CONVERSION = YES;
				CLANG_WARN_DEPRECATED_OBJC_IMPLEMENTATIONS = YES;
				CLANG_WARN_DIRECT_OBJC_ISA_USAGE = YES_ERROR;
				CLANG_WARN_DOCUMENTATION_COMMENTS = YES;
				CLANG_WARN_EMPTY_BODY = YES;
				CLANG_WARN_ENUM_CONVERSION = YES;
				CLANG_WARN_INFINITE_RECURSION = YES;
				CLANG_WARN_INT_CONVERSION = YES;
				CLANG_WARN_NON_LITERAL_NULL_CONVERSION = YES;
				CLANG_WARN_OBJC_IMPLICIT_RETAIN_SELF = YES;
				CLANG_WARN_OBJC_LITERAL_CONVERSION = YES;
				CLANG_WARN_OBJC_ROOT_CLASS = YES_ERROR;
				CLANG_WARN_QUOTED_INCLUDE_IN_FRAMEWORK_HEADER = YES;
				CLANG_WARN_RANGE_LOOP_ANALYSIS = YES;
				CLANG_WARN_STRICT_PROTOTYPES = YES;
				CLANG_WARN_SUSPICIOUS_MOVE = YES;
				CLANG_WARN_UNGUARDED_AVAILABILITY = YES_AGGRESSIVE;
				CLANG_WARN_UNREACHABLE_CODE = YES;
				CLANG_WARN__DUPLICATE_METHOD_MATCH = YES;
				COPY_PHASE_STRIP = NO;
				DEBUG_INFORMATION_FORMAT = dwarf;
				ENABLE_STRICT_OBJC_MSGSEND = YES;
				ENABLE_TESTABILITY = YES;
				ENABLE_USER_SCRIPT_SANDBOXING = YES;
				GCC_C_LANGUAGE_STANDARD = gnu17;
				GCC_DYNAMIC_NO_PIC = NO;
				GCC_NO_COMMON_BLOCKS = YES;
				GCC_OPTIMIZATION_LEVEL = 0;
				GCC_PREPROCESSOR_DEFINITIONS = (
					"DEBUG=1",
					"$(inherited)",
				);
				GCC_WARN_64_TO_32_BIT_CONVERSION = YES;
				GCC_WARN_ABOUT_RETURN_TYPE = YES_ERROR;
				GCC_WARN_UNDECLARED_SELECTOR = YES;
				GCC_WARN_UNINITIALIZED_AUTOS = YES_AGGRESSIVE;
				GCC_WARN_UNUSED_FUNCTION = YES;
				GCC_WARN_UNUSED_VARIABLE = YES;
				IPHONEOS_DEPLOYMENT_TARGET = 18.0;
				LOCALIZATION_PREFERS_STRING_CATALOGS = YES;
				MTL_ENABLE_DEBUG_INFO = INCLUDE_SOURCE;
				MTL_FAST_MATH = YES;
				ONLY_ACTIVE_ARCH = YES;
				SDKROOT = iphoneos;
				SWIFT_ACTIVE_COMPILATION_CONDITIONS = "DEBUG $(inherited)";
				SWIFT_OPTIMIZATION_LEVEL = "-Onone";
			};
			name = Debug;
		};
		3A8E35762CCF9AC500FE7260 /* Release */ = {
			isa = XCBuildConfiguration;
			buildSettings = {
				ALWAYS_SEARCH_USER_PATHS = NO;
				ASSETCATALOG_COMPILER_GENERATE_SWIFT_ASSET_SYMBOL_EXTENSIONS = YES;
				CLANG_ANALYZER_NONNULL = YES;
				CLANG_ANALYZER_NUMBER_OBJECT_CONVERSION = YES_AGGRESSIVE;
				CLANG_CXX_LANGUAGE_STANDARD = "gnu++20";
				CLANG_ENABLE_MODULES = YES;
				CLANG_ENABLE_OBJC_ARC = YES;
				CLANG_ENABLE_OBJC_WEAK = YES;
				CLANG_WARN_BLOCK_CAPTURE_AUTORELEASING = YES;
				CLANG_WARN_BOOL_CONVERSION = YES;
				CLANG_WARN_COMMA = YES;
				CLANG_WARN_CONSTANT_CONVERSION = YES;
				CLANG_WARN_DEPRECATED_OBJC_IMPLEMENTATIONS = YES;
				CLANG_WARN_DIRECT_OBJC_ISA_USAGE = YES_ERROR;
				CLANG_WARN_DOCUMENTATION_COMMENTS = YES;
				CLANG_WARN_EMPTY_BODY = YES;
				CLANG_WARN_ENUM_CONVERSION = YES;
				CLANG_WARN_INFINITE_RECURSION = YES;
				CLANG_WARN_INT_CONVERSION = YES;
				CLANG_WARN_NON_LITERAL_NULL_CONVERSION = YES;
				CLANG_WARN_OBJC_IMPLICIT_RETAIN_SELF = YES;
				CLANG_WARN_OBJC_LITERAL_CONVERSION = YES;
				CLANG_WARN_OBJC_ROOT_CLASS = YES_ERROR;
				CLANG_WARN_QUOTED_INCLUDE_IN_FRAMEWORK_HEADER = YES;
				CLANG_WARN_RANGE_LOOP_ANALYSIS = YES;
				CLANG_WARN_STRICT_PROTOTYPES = YES;
				CLANG_WARN_SUSPICIOUS_MOVE = YES;
				CLANG_WARN_UNGUARDED_AVAILABILITY = YES_AGGRESSIVE;
				CLANG_WARN_UNREACHABLE_CODE = YES;
				CLANG_WARN__DUPLICATE_METHOD_MATCH = YES;
				COPY_PHASE_STRIP = NO;
				DEBUG_INFORMATION_FORMAT = "dwarf-with-dsym";
				ENABLE_NS_ASSERTIONS = NO;
				ENABLE_STRICT_OBJC_MSGSEND = YES;
				ENABLE_USER_SCRIPT_SANDBOXING = YES;
				GCC_C_LANGUAGE_STANDARD = gnu17;
				GCC_NO_COMMON_BLOCKS = YES;
				GCC_WARN_64_TO_32_BIT_CONVERSION = YES;
				GCC_WARN_ABOUT_RETURN_TYPE = YES_ERROR;
				GCC_WARN_UNDECLARED_SELECTOR = YES;
				GCC_WARN_UNINITIALIZED_AUTOS = YES_AGGRESSIVE;
				GCC_WARN_UNUSED_FUNCTION = YES;
				GCC_WARN_UNUSED_VARIABLE = YES;
				IPHONEOS_DEPLOYMENT_TARGET = 18.0;
				LOCALIZATION_PREFERS_STRING_CATALOGS = YES;
				MTL_ENABLE_DEBUG_INFO = NO;
				MTL_FAST_MATH = YES;
				SDKROOT = iphoneos;
				SWIFT_COMPILATION_MODE = wholemodule;
				VALIDATE_PRODUCT = YES;
			};
			name = Release;
		};
		3A8E35782CCF9AC500FE7260 /* Debug */ = {
			isa = XCBuildConfiguration;
			buildSettings = {
				BUNDLE_LOADER = "$(TEST_HOST)";
				CODE_SIGN_STYLE = Automatic;
				CURRENT_PROJECT_VERSION = 1;
				GENERATE_INFOPLIST_FILE = YES;
				IPHONEOS_DEPLOYMENT_TARGET = 18.0;
				MARKETING_VERSION = 1.0;
				PRODUCT_BUNDLE_IDENTIFIER = "cvs.Patronum---CVSTests";
				PRODUCT_NAME = "$(TARGET_NAME)";
				SWIFT_EMIT_LOC_STRINGS = NO;
				SWIFT_VERSION = 5.0;
				TARGETED_DEVICE_FAMILY = "1,2";
				TEST_HOST = "$(BUILT_PRODUCTS_DIR)/Patronum - CVS.app/$(BUNDLE_EXECUTABLE_FOLDER_PATH)/Patronum - CVS";
			};
			name = Debug;
		};
		3A8E35792CCF9AC500FE7260 /* Release */ = {
			isa = XCBuildConfiguration;
			buildSettings = {
				BUNDLE_LOADER = "$(TEST_HOST)";
				CODE_SIGN_STYLE = Automatic;
				CURRENT_PROJECT_VERSION = 1;
				GENERATE_INFOPLIST_FILE = YES;
				IPHONEOS_DEPLOYMENT_TARGET = 18.0;
				MARKETING_VERSION = 1.0;
				PRODUCT_BUNDLE_IDENTIFIER = "cvs.Patronum---CVSTests";
				PRODUCT_NAME = "$(TARGET_NAME)";
				SWIFT_EMIT_LOC_STRINGS = NO;
				SWIFT_VERSION = 5.0;
				TARGETED_DEVICE_FAMILY = "1,2";
				TEST_HOST = "$(BUILT_PRODUCTS_DIR)/Patronum - CVS.app/$(BUNDLE_EXECUTABLE_FOLDER_PATH)/Patronum - CVS";
			};
			name = Release;
		};
		3A8E357B2CCF9AC500FE7260 /* Debug */ = {
			isa = XCBuildConfiguration;
			buildSettings = {
				CODE_SIGN_STYLE = Automatic;
				CURRENT_PROJECT_VERSION = 1;
				GENERATE_INFOPLIST_FILE = YES;
				MARKETING_VERSION = 1.0;
				PRODUCT_BUNDLE_IDENTIFIER = "cvs.Patronum---CVSUITests";
				PRODUCT_NAME = "$(TARGET_NAME)";
				SWIFT_EMIT_LOC_STRINGS = NO;
				SWIFT_VERSION = 5.0;
				TARGETED_DEVICE_FAMILY = "1,2";
				TEST_TARGET_NAME = "Patronum - CVS";
			};
			name = Debug;
		};
		3A8E357C2CCF9AC500FE7260 /* Release */ = {
			isa = XCBuildConfiguration;
			buildSettings = {
				CODE_SIGN_STYLE = Automatic;
				CURRENT_PROJECT_VERSION = 1;
				GENERATE_INFOPLIST_FILE = YES;
				MARKETING_VERSION = 1.0;
				PRODUCT_BUNDLE_IDENTIFIER = "cvs.Patronum---CVSUITests";
				PRODUCT_NAME = "$(TARGET_NAME)";
				SWIFT_EMIT_LOC_STRINGS = NO;
				SWIFT_VERSION = 5.0;
				TARGETED_DEVICE_FAMILY = "1,2";
				TEST_TARGET_NAME = "Patronum - CVS";
			};
			name = Release;
		};
/* End XCBuildConfiguration section */

/* Begin XCConfigurationList section */
		3A8E35442CCF9AC300FE7260 /* Build configuration list for PBXProject "Patronum - CVS" */ = {
			isa = XCConfigurationList;
			buildConfigurations = (
				3A8E35752CCF9AC500FE7260 /* Debug */,
				3A8E35762CCF9AC500FE7260 /* Release */,
			);
			defaultConfigurationIsVisible = 0;
			defaultConfigurationName = Release;
		};
		3A8E35722CCF9AC500FE7260 /* Build configuration list for PBXNativeTarget "Patronum - CVS" */ = {
			isa = XCConfigurationList;
			buildConfigurations = (
				3A8E35732CCF9AC500FE7260 /* Debug */,
				3A8E35742CCF9AC500FE7260 /* Release */,
			);
			defaultConfigurationIsVisible = 0;
			defaultConfigurationName = Release;
		};
		3A8E35772CCF9AC500FE7260 /* Build configuration list for PBXNativeTarget "Patronum - CVSTests" */ = {
			isa = XCConfigurationList;
			buildConfigurations = (
				3A8E35782CCF9AC500FE7260 /* Debug */,
				3A8E35792CCF9AC500FE7260 /* Release */,
			);
			defaultConfigurationIsVisible = 0;
			defaultConfigurationName = Release;
		};
		3A8E357A2CCF9AC500FE7260 /* Build configuration list for PBXNativeTarget "Patronum - CVSUITests" */ = {
			isa = XCConfigurationList;
			buildConfigurations = (
				3A8E357B2CCF9AC500FE7260 /* Debug */,
				3A8E357C2CCF9AC500FE7260 /* Release */,
			);
			defaultConfigurationIsVisible = 0;
			defaultConfigurationName = Release;
		};
/* End XCConfigurationList section */
	};
	rootObject = 3A8E35412CCF9AC300FE7260 /* Project object */;
}
